
Microsoft Visual Studio Solution File, Format Version 12.00
# Visual Studio 15
VisualStudioVersion = 15.0.27428.2011
MinimumVisualStudioVersion = 10.0.40219.1
Project("{FAE04EC0-301F-11D3-BF4B-00C04F79EFBC}") = "WpfApp1", "WpfApp1\WpfApp1.csproj", "{9F216380-3AC0-4879-8BA4-71DEC09C60E3}"
EndProject
Global
	GlobalSection(SolutionConfigurationPlatforms) = preSolution
		Debug|Any CPU = Debug|Any CPU
		Release|Any CPU = Release|Any CPU
	EndGlobalSection
	GlobalSection(ProjectConfigurationPlatforms) = postSolution
		{9F216380-3AC0-4879-8BA4-71DEC09C60E3}.Debug|Any CPU.ActiveCfg = Debug|Any CPU
		{9F216380-3AC0-4879-8BA4-71DEC09C60E3}.Debug|Any CPU.Build.0 = Debug|Any CPU
		{9F216380-3AC0-4879-8BA4-71DEC09C60E3}.Release|Any CPU.ActiveCfg = Release|Any CPU
		{9F216380-3AC0-4879-8BA4-71DEC09C60E3}.Release|Any CPU.Build.0 = Release|Any CPU
	EndGlobalSection
	GlobalSection(SolutionProperties) = preSolution
		HideSolutionNode = FALSE
	EndGlobalSection
	GlobalSection(ExtensibilityGlobals) = postSolution
		SolutionGuid = {D942DD78-F68D-411E-A50D-9B3EEF785C23}
	EndGlobalSection
EndGlobal
